
Microsoft Visual Studio Solution File, Format Version 12.00
# Visual Studio Version 17
VisualStudioVersion = 17.0.32126.317
MinimumVisualStudioVersion = 10.0.40219.1
Project("{FAE04EC0-301F-11D3-BF4B-00C04F79EFBC}") = "Task2", "Task2\Task2.csproj", "{040DFB2A-9098-4228-9A20-40DE61C4ACF9}"
EndProject
Project("{FAE04EC0-301F-11D3-BF4B-00C04F79EFBC}") = "Task3", "Task3\Task3.csproj", "{0DD69823-B681-4E36-9396-366A5E807BAE}"
EndProject
Project("{FAE04EC0-301F-11D3-BF4B-00C04F79EFBC}") = "Task4", "Task4\Task4.csproj", "{AC6C5BE3-ADE8-4A06-9F1E-A222A2941B5C}"
EndProject
Global
	GlobalSection(SolutionConfigurationPlatforms) = preSolution
		Debug|Any CPU = Debug|Any CPU
		Release|Any CPU = Release|Any CPU
	EndGlobalSection
	GlobalSection(ProjectConfigurationPlatforms) = postSolution
		{040DFB2A-9098-4228-9A20-40DE61C4ACF9}.Debug|Any CPU.ActiveCfg = Debug|Any CPU
		{040DFB2A-9098-4228-9A20-40DE61C4ACF9}.Debug|Any CPU.Build.0 = Debug|Any CPU
		{040DFB2A-9098-4228-9A20-40DE61C4ACF9}.Release|Any CPU.ActiveCfg = Release|Any CPU
		{040DFB2A-9098-4228-9A20-40DE61C4ACF9}.Release|Any CPU.Build.0 = Release|Any CPU
		{0DD69823-B681-4E36-9396-366A5E807BAE}.Debug|Any CPU.ActiveCfg = Debug|Any CPU
		{0DD69823-B681-4E36-9396-366A5E807BAE}.Debug|Any CPU.Build.0 = Debug|Any CPU
		{0DD69823-B681-4E36-9396-366A5E807BAE}.Release|Any CPU.ActiveCfg = Release|Any CPU
		{0DD69823-B681-4E36-9396-366A5E807BAE}.Release|Any CPU.Build.0 = Release|Any CPU
		{AC6C5BE3-ADE8-4A06-9F1E-A222A2941B5C}.Debug|Any CPU.ActiveCfg = Debug|Any CPU
		{AC6C5BE3-ADE8-4A06-9F1E-A222A2941B5C}.Debug|Any CPU.Build.0 = Debug|Any CPU
		{AC6C5BE3-ADE8-4A06-9F1E-A222A2941B5C}.Release|Any CPU.ActiveCfg = Release|Any CPU
		{AC6C5BE3-ADE8-4A06-9F1E-A222A2941B5C}.Release|Any CPU.Build.0 = Release|Any CPU
	EndGlobalSection
	GlobalSection(SolutionProperties) = preSolution
		HideSolutionNode = FALSE
	EndGlobalSection
	GlobalSection(ExtensibilityGlobals) = postSolution
		SolutionGuid = {2053BBB6-6919-4E78-8668-15C709399A8C}
	EndGlobalSection
EndGlobal
